
Microsoft Visual Studio Solution File, Format Version 12.00
# Visual Studio Version 16
VisualStudioVersion = 16.0.31112.23
MinimumVisualStudioVersion = 10.0.40219.1
Project("{2150E333-8FDC-42A3-9474-1A3956D46DE8}") = "Src", "Src", "{1F03C7E0-5D17-4E06-801D-C7C63A6F9BE6}"
EndProject
Project("{2150E333-8FDC-42A3-9474-1A3956D46DE8}") = "Services", "Services", "{7ECE9C16-2F39-40AF-95EA-FD7413188390}"
EndProject
Project("{2150E333-8FDC-42A3-9474-1A3956D46DE8}") = "FlightService", "FlightService", "{79109254-1B56-45AE-BF9D-B6FF149FF71B}"
EndProject
Project("{9A19103F-16F7-4668-BE54-9A1E7A4F7556}") = "FlightService.API", "Src\Services\FlightService\FlightService.API\FlightService.API.csproj", "{11936BAF-43FB-4F86-AA34-EE8106870DA6}"
EndProject
Project("{9A19103F-16F7-4668-BE54-9A1E7A4F7556}") = "FlightService.Application", "Src\Services\FlightService\FlightService.Application\FlightService.Application.csproj", "{91D6DF4D-D872-4583-ACA8-419B8EF18448}"
EndProject
Project("{9A19103F-16F7-4668-BE54-9A1E7A4F7556}") = "FlightService.Domain", "Src\Services\FlightService\FlightService.Domain\FlightService.Domain.csproj", "{0F20A817-6BE1-4EFE-810F-C2D6F75BE51B}"
EndProject
Project("{9A19103F-16F7-4668-BE54-9A1E7A4F7556}") = "FlightService.Infrastructure", "Src\Services\FlightService\FlightService.Infrastructure\FlightService.Infrastructure.csproj", "{F0F94594-8188-49A3-9D37-2F212DF16791}"
EndProject
Project("{9A19103F-16F7-4668-BE54-9A1E7A4F7556}") = "FlightService.Persistence", "Src\Services\FlightService\FlightService.Persistence\FlightService.Persistence.csproj", "{5DCDBBA0-8FEF-44BA-9210-B2534AAF30EE}"
EndProject
Project("{2150E333-8FDC-42A3-9474-1A3956D46DE8}") = "HotelService", "HotelService", "{73C8AD8F-3693-4452-9CAE-81D7A8EB13D2}"
EndProject
Project("{9A19103F-16F7-4668-BE54-9A1E7A4F7556}") = "HotelService.API", "Src\Services\HotelService\HotelService.API\HotelService.API.csproj", "{76BE2A84-3B3F-4AD0-8C63-636AC7D3CB64}"
EndProject
Project("{9A19103F-16F7-4668-BE54-9A1E7A4F7556}") = "HotelService.Application", "Src\Services\HotelService\HotelService.Application\HotelService.Application.csproj", "{867C21C7-8756-4E38-B5B4-C2973F7F53A1}"
EndProject
Project("{9A19103F-16F7-4668-BE54-9A1E7A4F7556}") = "HotelService.Domain", "Src\Services\HotelService\HotelService.Domain\HotelService.Domain.csproj", "{31A96847-D8E2-4B6B-8CA7-49A5F169265C}"
EndProject
Project("{9A19103F-16F7-4668-BE54-9A1E7A4F7556}") = "HotelService.Infrastructure", "Src\Services\HotelService\HotelService.Infrastructure\HotelService.Infrastructure.csproj", "{AAF19A38-4A16-4835-B204-E45537D88944}"
EndProject
Project("{9A19103F-16F7-4668-BE54-9A1E7A4F7556}") = "HotelService.Persistence", "Src\Services\HotelService\HotelService.Persistence\HotelService.Persistence.csproj", "{2E063328-22CF-4C18-92D9-ABB335E1B330}"
EndProject
Project("{2150E333-8FDC-42A3-9474-1A3956D46DE8}") = "SearchService", "SearchService", "{4CC64479-8407-44B9-97EC-B8195277EAB6}"
EndProject
Project("{9A19103F-16F7-4668-BE54-9A1E7A4F7556}") = "SearchService.API", "Src\Services\SearchService\Search.API\SearchService.API.csproj", "{29671D4B-D340-45BB-BC20-541A599B430C}"
EndProject
Project("{2150E333-8FDC-42A3-9474-1A3956D46DE8}") = "MarketingService", "MarketingService", "{68F89547-9D2C-413B-99AE-2AC2E89D51CE}"
EndProject
Project("{9A19103F-16F7-4668-BE54-9A1E7A4F7556}") = "MarketingService.API", "Src\Services\MarketingService\MarketingService.API\MarketingService.API.csproj", "{67AEE82E-A1F8-4C61-9C6C-2E1979BDCF8F}"
EndProject
Project("{2150E333-8FDC-42A3-9474-1A3956D46DE8}") = "BookService", "BookService", "{023612EC-319F-4D78-8349-F605DCAE8F43}"
EndProject
Project("{9A19103F-16F7-4668-BE54-9A1E7A4F7556}") = "BookService.API", "Src\Services\BookService\BookService.API\BookService.API.csproj", "{3BAA4268-F228-4D4B-863B-149593E9CA5C}"
EndProject
Project("{2150E333-8FDC-42A3-9474-1A3956D46DE8}") = "BuildingBlocks", "BuildingBlocks", "{5B021C94-3E88-4348-A9B5-8FBC116600CE}"
EndProject
Project("{9A19103F-16F7-4668-BE54-9A1E7A4F7556}") = "EventBus.Messages", "Src\BuildingBlocks\EventBus.Messages\EventBus.Messages.csproj", "{CEB58F80-CEB1-4B43-945B-1F1414970899}"
EndProject
Project("{E53339B2-1760-4266-BCC7-CA923CBCF16C}") = "docker-compose", "docker-compose.dcproj", "{C5037420-2450-4282-B82C-3B505B51A3D3}"
EndProject
Project("{2150E333-8FDC-42A3-9474-1A3956D46DE8}") = "ApiGateways", "ApiGateways", "{D57B5756-C424-46F6-BD7F-395A2D962B71}"
EndProject
Project("{FAE04EC0-301F-11D3-BF4B-00C04F79EFBC}") = "OcelotGW", "Src\ApiGateways\OcelotGW\OcelotGW.csproj", "{9618AB8C-ACC4-426B-AEAF-81EB0CD7EA17}"
EndProject
Global
	GlobalSection(SolutionConfigurationPlatforms) = preSolution
		Debug|Any CPU = Debug|Any CPU
		Release|Any CPU = Release|Any CPU
	EndGlobalSection
	GlobalSection(ProjectConfigurationPlatforms) = postSolution
		{11936BAF-43FB-4F86-AA34-EE8106870DA6}.Debug|Any CPU.ActiveCfg = Debug|Any CPU
		{11936BAF-43FB-4F86-AA34-EE8106870DA6}.Debug|Any CPU.Build.0 = Debug|Any CPU
		{11936BAF-43FB-4F86-AA34-EE8106870DA6}.Release|Any CPU.ActiveCfg = Release|Any CPU
		{11936BAF-43FB-4F86-AA34-EE8106870DA6}.Release|Any CPU.Build.0 = Release|Any CPU
		{91D6DF4D-D872-4583-ACA8-419B8EF18448}.Debug|Any CPU.ActiveCfg = Debug|Any CPU
		{91D6DF4D-D872-4583-ACA8-419B8EF18448}.Debug|Any CPU.Build.0 = Debug|Any CPU
		{91D6DF4D-D872-4583-ACA8-419B8EF18448}.Release|Any CPU.ActiveCfg = Release|Any CPU
		{91D6DF4D-D872-4583-ACA8-419B8EF18448}.Release|Any CPU.Build.0 = Release|Any CPU
		{0F20A817-6BE1-4EFE-810F-C2D6F75BE51B}.Debug|Any CPU.ActiveCfg = Debug|Any CPU
		{0F20A817-6BE1-4EFE-810F-C2D6F75BE51B}.Debug|Any CPU.Build.0 = Debug|Any CPU
		{0F20A817-6BE1-4EFE-810F-C2D6F75BE51B}.Release|Any CPU.ActiveCfg = Release|Any CPU
		{0F20A817-6BE1-4EFE-810F-C2D6F75BE51B}.Release|Any CPU.Build.0 = Release|Any CPU
		{F0F94594-8188-49A3-9D37-2F212DF16791}.Debug|Any CPU.ActiveCfg = Debug|Any CPU
		{F0F94594-8188-49A3-9D37-2F212DF16791}.Debug|Any CPU.Build.0 = Debug|Any CPU
		{F0F94594-8188-49A3-9D37-2F212DF16791}.Release|Any CPU.ActiveCfg = Release|Any CPU
		{F0F94594-8188-49A3-9D37-2F212DF16791}.Release|Any CPU.Build.0 = Release|Any CPU
		{5DCDBBA0-8FEF-44BA-9210-B2534AAF30EE}.Debug|Any CPU.ActiveCfg = Debug|Any CPU
		{5DCDBBA0-8FEF-44BA-9210-B2534AAF30EE}.Debug|Any CPU.Build.0 = Debug|Any CPU
		{5DCDBBA0-8FEF-44BA-9210-B2534AAF30EE}.Release|Any CPU.ActiveCfg = Release|Any CPU
		{5DCDBBA0-8FEF-44BA-9210-B2534AAF30EE}.Release|Any CPU.Build.0 = Release|Any CPU
		{76BE2A84-3B3F-4AD0-8C63-636AC7D3CB64}.Debug|Any CPU.ActiveCfg = Debug|Any CPU
		{76BE2A84-3B3F-4AD0-8C63-636AC7D3CB64}.Debug|Any CPU.Build.0 = Debug|Any CPU
		{76BE2A84-3B3F-4AD0-8C63-636AC7D3CB64}.Release|Any CPU.ActiveCfg = Release|Any CPU
		{76BE2A84-3B3F-4AD0-8C63-636AC7D3CB64}.Release|Any CPU.Build.0 = Release|Any CPU
		{867C21C7-8756-4E38-B5B4-C2973F7F53A1}.Debug|Any CPU.ActiveCfg = Debug|Any CPU
		{867C21C7-8756-4E38-B5B4-C2973F7F53A1}.Debug|Any CPU.Build.0 = Debug|Any CPU
		{867C21C7-8756-4E38-B5B4-C2973F7F53A1}.Release|Any CPU.ActiveCfg = Release|Any CPU
		{867C21C7-8756-4E38-B5B4-C2973F7F53A1}.Release|Any CPU.Build.0 = Release|Any CPU
		{31A96847-D8E2-4B6B-8CA7-49A5F169265C}.Debug|Any CPU.ActiveCfg = Debug|Any CPU
		{31A96847-D8E2-4B6B-8CA7-49A5F169265C}.Debug|Any CPU.Build.0 = Debug|Any CPU
		{31A96847-D8E2-4B6B-8CA7-49A5F169265C}.Release|Any CPU.ActiveCfg = Release|Any CPU
		{31A96847-D8E2-4B6B-8CA7-49A5F169265C}.Release|Any CPU.Build.0 = Release|Any CPU
		{AAF19A38-4A16-4835-B204-E45537D88944}.Debug|Any CPU.ActiveCfg = Debug|Any CPU
		{AAF19A38-4A16-4835-B204-E45537D88944}.Debug|Any CPU.Build.0 = Debug|Any CPU
		{AAF19A38-4A16-4835-B204-E45537D88944}.Release|Any CPU.ActiveCfg = Release|Any CPU
		{AAF19A38-4A16-4835-B204-E45537D88944}.Release|Any CPU.Build.0 = Release|Any CPU
		{2E063328-22CF-4C18-92D9-ABB335E1B330}.Debug|Any CPU.ActiveCfg = Debug|Any CPU
		{2E063328-22CF-4C18-92D9-ABB335E1B330}.Debug|Any CPU.Build.0 = Debug|Any CPU
		{2E063328-22CF-4C18-92D9-ABB335E1B330}.Release|Any CPU.ActiveCfg = Release|Any CPU
		{2E063328-22CF-4C18-92D9-ABB335E1B330}.Release|Any CPU.Build.0 = Release|Any CPU
		{29671D4B-D340-45BB-BC20-541A599B430C}.Debug|Any CPU.ActiveCfg = Debug|Any CPU
		{29671D4B-D340-45BB-BC20-541A599B430C}.Debug|Any CPU.Build.0 = Debug|Any CPU
		{29671D4B-D340-45BB-BC20-541A599B430C}.Release|Any CPU.ActiveCfg = Release|Any CPU
		{29671D4B-D340-45BB-BC20-541A599B430C}.Release|Any CPU.Build.0 = Release|Any CPU
		{67AEE82E-A1F8-4C61-9C6C-2E1979BDCF8F}.Debug|Any CPU.ActiveCfg = Debug|Any CPU
		{67AEE82E-A1F8-4C61-9C6C-2E1979BDCF8F}.Debug|Any CPU.Build.0 = Debug|Any CPU
		{67AEE82E-A1F8-4C61-9C6C-2E1979BDCF8F}.Release|Any CPU.ActiveCfg = Release|Any CPU
		{67AEE82E-A1F8-4C61-9C6C-2E1979BDCF8F}.Release|Any CPU.Build.0 = Release|Any CPU
		{3BAA4268-F228-4D4B-863B-149593E9CA5C}.Debug|Any CPU.ActiveCfg = Debug|Any CPU
		{3BAA4268-F228-4D4B-863B-149593E9CA5C}.Debug|Any CPU.Build.0 = Debug|Any CPU
		{3BAA4268-F228-4D4B-863B-149593E9CA5C}.Release|Any CPU.ActiveCfg = Release|Any CPU
		{3BAA4268-F228-4D4B-863B-149593E9CA5C}.Release|Any CPU.Build.0 = Release|Any CPU
		{CEB58F80-CEB1-4B43-945B-1F1414970899}.Debug|Any CPU.ActiveCfg = Debug|Any CPU
		{CEB58F80-CEB1-4B43-945B-1F1414970899}.Debug|Any CPU.Build.0 = Debug|Any CPU
		{CEB58F80-CEB1-4B43-945B-1F1414970899}.Release|Any CPU.ActiveCfg = Release|Any CPU
		{CEB58F80-CEB1-4B43-945B-1F1414970899}.Release|Any CPU.Build.0 = Release|Any CPU
		{C5037420-2450-4282-B82C-3B505B51A3D3}.Debug|Any CPU.ActiveCfg = Debug|Any CPU
		{C5037420-2450-4282-B82C-3B505B51A3D3}.Debug|Any CPU.Build.0 = Debug|Any CPU
		{C5037420-2450-4282-B82C-3B505B51A3D3}.Release|Any CPU.ActiveCfg = Release|Any CPU
		{C5037420-2450-4282-B82C-3B505B51A3D3}.Release|Any CPU.Build.0 = Release|Any CPU
		{9618AB8C-ACC4-426B-AEAF-81EB0CD7EA17}.Debug|Any CPU.ActiveCfg = Debug|Any CPU
		{9618AB8C-ACC4-426B-AEAF-81EB0CD7EA17}.Debug|Any CPU.Build.0 = Debug|Any CPU
		{9618AB8C-ACC4-426B-AEAF-81EB0CD7EA17}.Release|Any CPU.ActiveCfg = Release|Any CPU
		{9618AB8C-ACC4-426B-AEAF-81EB0CD7EA17}.Release|Any CPU.Build.0 = Release|Any CPU
	EndGlobalSection
	GlobalSection(SolutionProperties) = preSolution
		HideSolutionNode = FALSE
	EndGlobalSection
	GlobalSection(NestedProjects) = preSolution
		{7ECE9C16-2F39-40AF-95EA-FD7413188390} = {1F03C7E0-5D17-4E06-801D-C7C63A6F9BE6}
		{79109254-1B56-45AE-BF9D-B6FF149FF71B} = {7ECE9C16-2F39-40AF-95EA-FD7413188390}
		{11936BAF-43FB-4F86-AA34-EE8106870DA6} = {79109254-1B56-45AE-BF9D-B6FF149FF71B}
		{91D6DF4D-D872-4583-ACA8-419B8EF18448} = {79109254-1B56-45AE-BF9D-B6FF149FF71B}
		{0F20A817-6BE1-4EFE-810F-C2D6F75BE51B} = {79109254-1B56-45AE-BF9D-B6FF149FF71B}
		{F0F94594-8188-49A3-9D37-2F212DF16791} = {79109254-1B56-45AE-BF9D-B6FF149FF71B}
		{5DCDBBA0-8FEF-44BA-9210-B2534AAF30EE} = {79109254-1B56-45AE-BF9D-B6FF149FF71B}
		{73C8AD8F-3693-4452-9CAE-81D7A8EB13D2} = {7ECE9C16-2F39-40AF-95EA-FD7413188390}
		{76BE2A84-3B3F-4AD0-8C63-636AC7D3CB64} = {73C8AD8F-3693-4452-9CAE-81D7A8EB13D2}
		{867C21C7-8756-4E38-B5B4-C2973F7F53A1} = {73C8AD8F-3693-4452-9CAE-81D7A8EB13D2}
		{31A96847-D8E2-4B6B-8CA7-49A5F169265C} = {73C8AD8F-3693-4452-9CAE-81D7A8EB13D2}
		{AAF19A38-4A16-4835-B204-E45537D88944} = {73C8AD8F-3693-4452-9CAE-81D7A8EB13D2}
		{2E063328-22CF-4C18-92D9-ABB335E1B330} = {73C8AD8F-3693-4452-9CAE-81D7A8EB13D2}
		{4CC64479-8407-44B9-97EC-B8195277EAB6} = {7ECE9C16-2F39-40AF-95EA-FD7413188390}
		{29671D4B-D340-45BB-BC20-541A599B430C} = {4CC64479-8407-44B9-97EC-B8195277EAB6}
		{68F89547-9D2C-413B-99AE-2AC2E89D51CE} = {7ECE9C16-2F39-40AF-95EA-FD7413188390}
		{67AEE82E-A1F8-4C61-9C6C-2E1979BDCF8F} = {68F89547-9D2C-413B-99AE-2AC2E89D51CE}
		{023612EC-319F-4D78-8349-F605DCAE8F43} = {7ECE9C16-2F39-40AF-95EA-FD7413188390}
		{3BAA4268-F228-4D4B-863B-149593E9CA5C} = {023612EC-319F-4D78-8349-F605DCAE8F43}
		{5B021C94-3E88-4348-A9B5-8FBC116600CE} = {1F03C7E0-5D17-4E06-801D-C7C63A6F9BE6}
		{CEB58F80-CEB1-4B43-945B-1F1414970899} = {5B021C94-3E88-4348-A9B5-8FBC116600CE}
		{D57B5756-C424-46F6-BD7F-395A2D962B71} = {1F03C7E0-5D17-4E06-801D-C7C63A6F9BE6}
		{9618AB8C-ACC4-426B-AEAF-81EB0CD7EA17} = {D57B5756-C424-46F6-BD7F-395A2D962B71}
	EndGlobalSection
	GlobalSection(ExtensibilityGlobals) = postSolution
		SolutionGuid = {82DAACB2-B35D-4EA1-8204-BEC20E4EB423}
	EndGlobalSection
EndGlobal
